
Microsoft Visual Studio Solution File, Format Version 12.00
# Visual Studio 15
VisualStudioVersion = 15.0.28307.421
MinimumVisualStudioVersion = 10.0.40219.1
Project("{FAE04EC0-301F-11D3-BF4B-00C04F79EFBC}") = "WebBanHangOnline", "WebBanHangOnline\WebBanHangOnline.csproj", "{F7325AB3-69D3-4C70-97F5-8FEA5C83D41E}"
EndProject
Project("{FAE04EC0-301F-11D3-BF4B-00C04F79EFBC}") = "Model", "Model\Model.csproj", "{66DE40EC-F890-4163-BC5B-903F279D7C1E}"
EndProject
Project("{FAE04EC0-301F-11D3-BF4B-00C04F79EFBC}") = "Common", "Common\Common.csproj", "{532B5D2F-5BD5-4290-9AD4-0B90F94C5004}"
EndProject
Global
	GlobalSection(SolutionConfigurationPlatforms) = preSolution
		Debug|Any CPU = Debug|Any CPU
		Release|Any CPU = Release|Any CPU
	EndGlobalSection
	GlobalSection(ProjectConfigurationPlatforms) = postSolution
		{F7325AB3-69D3-4C70-97F5-8FEA5C83D41E}.Debug|Any CPU.ActiveCfg = Debug|Any CPU
		{F7325AB3-69D3-4C70-97F5-8FEA5C83D41E}.Debug|Any CPU.Build.0 = Debug|Any CPU
		{F7325AB3-69D3-4C70-97F5-8FEA5C83D41E}.Release|Any CPU.ActiveCfg = Release|Any CPU
		{F7325AB3-69D3-4C70-97F5-8FEA5C83D41E}.Release|Any CPU.Build.0 = Release|Any CPU
		{66DE40EC-F890-4163-BC5B-903F279D7C1E}.Debug|Any CPU.ActiveCfg = Debug|Any CPU
		{66DE40EC-F890-4163-BC5B-903F279D7C1E}.Debug|Any CPU.Build.0 = Debug|Any CPU
		{66DE40EC-F890-4163-BC5B-903F279D7C1E}.Release|Any CPU.ActiveCfg = Release|Any CPU
		{66DE40EC-F890-4163-BC5B-903F279D7C1E}.Release|Any CPU.Build.0 = Release|Any CPU
		{532B5D2F-5BD5-4290-9AD4-0B90F94C5004}.Debug|Any CPU.ActiveCfg = Debug|Any CPU
		{532B5D2F-5BD5-4290-9AD4-0B90F94C5004}.Debug|Any CPU.Build.0 = Debug|Any CPU
		{532B5D2F-5BD5-4290-9AD4-0B90F94C5004}.Release|Any CPU.ActiveCfg = Release|Any CPU
		{532B5D2F-5BD5-4290-9AD4-0B90F94C5004}.Release|Any CPU.Build.0 = Release|Any CPU
	EndGlobalSection
	GlobalSection(SolutionProperties) = preSolution
		HideSolutionNode = FALSE
	EndGlobalSection
	GlobalSection(ExtensibilityGlobals) = postSolution
		SolutionGuid = {66797A0A-7C3F-4175-B1FB-0773CEAD6ABF}
	EndGlobalSection
EndGlobal
